// !$*UTF8*$!
{
	archiveVersion = 1;
	classes = {
	};
	objectVersion = 52;
	objects = {

/* Begin PBXBuildFile section */
		F81B4B6125306EFF00F9D4D3 /* AppDelegate.swift in Sources */ = {isa = PBXBuildFile; fileRef = F81B4B6025306EFF00F9D4D3 /* AppDelegate.swift */; };
		F81B4B6325306EFF00F9D4D3 /* SceneDelegate.swift in Sources */ = {isa = PBXBuildFile; fileRef = F81B4B6225306EFF00F9D4D3 /* SceneDelegate.swift */; };
		F81B4B6525306EFF00F9D4D3 /* ViewController.swift in Sources */ = {isa = PBXBuildFile; fileRef = F81B4B6425306EFF00F9D4D3 /* ViewController.swift */; };
		F81B4B6825306EFF00F9D4D3 /* Main.storyboard in Resources */ = {isa = PBXBuildFile; fileRef = F81B4B6625306EFF00F9D4D3 /* Main.storyboard */; };
		F81B4B6A25306F0200F9D4D3 /* Assets.xcassets in Resources */ = {isa = PBXBuildFile; fileRef = F81B4B6925306F0200F9D4D3 /* Assets.xcassets */; };
		F81B4B6D25306F0200F9D4D3 /* LaunchScreen.storyboard in Resources */ = {isa = PBXBuildFile; fileRef = F81B4B6B25306F0200F9D4D3 /* LaunchScreen.storyboard */; };
		F81B4B7825306FC900F9D4D3 /* MAGLogger in Frameworks */ = {isa = PBXBuildFile; productRef = F81B4B7725306FC900F9D4D3 /* MAGLogger */; };
/* End PBXBuildFile section */

/* Begin PBXFileReference section */
		F81B4B5D25306EFF00F9D4D3 /* MAGLoggerExample.app */ = {isa = PBXFileReference; explicitFileType = wrapper.application; includeInIndex = 0; path = MAGLoggerExample.app; sourceTree = BUILT_PRODUCTS_DIR; };
		F81B4B6025306EFF00F9D4D3 /* AppDelegate.swift */ = {isa = PBXFileReference; lastKnownFileType = sourcecode.swift; path = AppDelegate.swift; sourceTree = "<group>"; };
		F81B4B6225306EFF00F9D4D3 /* SceneDelegate.swift */ = {isa = PBXFileReference; lastKnownFileType = sourcecode.swift; path = SceneDelegate.swift; sourceTree = "<group>"; };
		F81B4B6425306EFF00F9D4D3 /* ViewController.swift */ = {isa = PBXFileReference; lastKnownFileType = sourcecode.swift; path = ViewController.swift; sourceTree = "<group>"; };
		F81B4B6725306EFF00F9D4D3 /* Base */ = {isa = PBXFileReference; lastKnownFileType = file.storyboard; name = Base; path = Base.lproj/Main.storyboard; sourceTree = "<group>"; };
		F81B4B6925306F0200F9D4D3 /* Assets.xcassets */ = {isa = PBXFileReference; lastKnownFileType = folder.assetcatalog; path = Assets.xcassets; sourceTree = "<group>"; };
		F81B4B6C25306F0200F9D4D3 /* Base */ = {isa = PBXFileReference; lastKnownFileType = file.storyboard; name = Base; path = Base.lproj/LaunchScreen.storyboard; sourceTree = "<group>"; };
		F81B4B6E25306F0200F9D4D3 /* Info.plist */ = {isa = PBXFileReference; lastKnownFileType = text.plist.xml; path = Info.plist; sourceTree = "<group>"; };
/* End PBXFileReference section */

/* Begin PBXFrameworksBuildPhase section */
		F81B4B5A25306EFF00F9D4D3 /* Frameworks */ = {
			isa = PBXFrameworksBuildPhase;
			buildActionMask = 2147483647;
			files = (
				F81B4B7825306FC900F9D4D3 /* MAGLogger in Frameworks */,
			);
			runOnlyForDeploymentPostprocessing = 0;
		};
/* End PBXFrameworksBuildPhase section */

/* Begin PBXGroup section */
		F81B4B5425306EFF00F9D4D3 = {
			isa = PBXGroup;
			children = (
				F81B4B5F25306EFF00F9D4D3 /* MAGLoggerExample */,
				F81B4B5E25306EFF00F9D4D3 /* Products */,
			);
			sourceTree = "<group>";
		};
		F81B4B5E25306EFF00F9D4D3 /* Products */ = {
			isa = PBXGroup;
			children = (
				F81B4B5D25306EFF00F9D4D3 /* MAGLoggerExample.app */,
			);
			name = Products;
			sourceTree = "<group>";
		};
		F81B4B5F25306EFF00F9D4D3 /* MAGLoggerExample */ = {
			isa = PBXGroup;
			children = (
				F81B4B6025306EFF00F9D4D3 /* AppDelegate.swift */,
				F81B4B6225306EFF00F9D4D3 /* SceneDelegate.swift */,
				F81B4B6425306EFF00F9D4D3 /* ViewController.swift */,
				F81B4B6625306EFF00F9D4D3 /* Main.storyboard */,
				F81B4B6925306F0200F9D4D3 /* Assets.xcassets */,
				F81B4B6B25306F0200F9D4D3 /* LaunchScreen.storyboard */,
				F81B4B6E25306F0200F9D4D3 /* Info.plist */,
			);
			path = MAGLoggerExample;
			sourceTree = "<group>";
		};
/* End PBXGroup section */

/* Begin PBXNativeTarget section */
		F81B4B5C25306EFF00F9D4D3 /* MAGLoggerExample */ = {
			isa = PBXNativeTarget;
			buildConfigurationList = F81B4B7125306F0200F9D4D3 /* Build configuration list for PBXNativeTarget "MAGLoggerExample" */;
			buildPhases = (
				F81B4B5925306EFF00F9D4D3 /* Sources */,
				F81B4B5A25306EFF00F9D4D3 /* Frameworks */,
				F81B4B5B25306EFF00F9D4D3 /* Resources */,
			);
			buildRules = (
			);
			dependencies = (
			);
			name = MAGLoggerExample;
			packageProductDependencies = (
				F81B4B7725306FC900F9D4D3 /* MAGLogger */,
			);
			productName = MAGLoggerExample;
			productReference = F81B4B5D25306EFF00F9D4D3 /* MAGLoggerExample.app */;
			productType = "com.apple.product-type.application";
		};
/* End PBXNativeTarget section */

/* Begin PBXProject section */
		F81B4B5525306EFF00F9D4D3 /* Project object */ = {
			isa = PBXProject;
			attributes = {
				LastSwiftUpdateCheck = 1200;
				LastUpgradeCheck = 1200;
				TargetAttributes = {
					F81B4B5C25306EFF00F9D4D3 = {
						CreatedOnToolsVersion = 12.0;
					};
				};
			};
			buildConfigurationList = F81B4B5825306EFF00F9D4D3 /* Build configuration list for PBXProject "MAGLoggerExample" */;
			compatibilityVersion = "Xcode 9.3";
			developmentRegion = en;
			hasScannedForEncodings = 0;
			knownRegions = (
				en,
				Base,
			);
			mainGroup = F81B4B5425306EFF00F9D4D3;
			packageReferences = (
				F81B4B7625306FC900F9D4D3 /* XCRemoteSwiftPackageReference "MAGLogger" */,
			);
			productRefGroup = F81B4B5E25306EFF00F9D4D3 /* Products */;
			projectDirPath = "";
			projectRoot = "";
			targets = (
				F81B4B5C25306EFF00F9D4D3 /* MAGLoggerExample */,
			);
		};
/* End PBXProject section */

/* Begin PBXResourcesBuildPhase section */
		F81B4B5B25306EFF00F9D4D3 /* Resources */ = {
			isa = PBXResourcesBuildPhase;
			buildActionMask = 2147483647;
			files = (
				F81B4B6D25306F0200F9D4D3 /* LaunchScreen.storyboard in Resources */,
				F81B4B6A25306F0200F9D4D3 /* Assets.xcassets in Resources */,
				F81B4B6825306EFF00F9D4D3 /* Main.storyboard in Resources */,
			);
			runOnlyForDeploymentPostprocessing = 0;
		};
/* End PBXResourcesBuildPhase section */

/* Begin PBXSourcesBuildPhase section */
		F81B4B5925306EFF00F9D4D3 /* Sources */ = {
			isa = PBXSourcesBuildPhase;
			buildActionMask = 2147483647;
			files = (
				F81B4B6525306EFF00F9D4D3 /* ViewController.swift in Sources */,
				F81B4B6125306EFF00F9D4D3 /* AppDelegate.swift in Sources */,
				F81B4B6325306EFF00F9D4D3 /* SceneDelegate.swift in Sources */,
			);
			runOnlyForDeploymentPostprocessing = 0;
		};
/* End PBXSourcesBuildPhase section */

/* Begin PBXVariantGroup section */
		F81B4B6625306EFF00F9D4D3 /* Main.storyboard */ = {
			isa = PBXVariantGroup;
			children = (
				F81B4B6725306EFF00F9D4D3 /* Base */,
			);
			name = Main.storyboard;
			sourceTree = "<group>";
		};
		F81B4B6B25306F0200F9D4D3 /* LaunchScreen.storyboard */ = {
			isa = PBXVariantGroup;
			children = (
				F81B4B6C25306F0200F9D4D3 /* Base */,
			);
			name = LaunchScreen.storyboard;
			sourceTree = "<group>";
		};
/* End PBXVariantGroup section */

/* Begin XCBuildConfiguration section */
		F81B4B6F25306F0200F9D4D3 /* Debug */ = {
			isa = XCBuildConfiguration;
			buildSettings = {
				ALWAYS_SEARCH_USER_PATHS = NO;
				CLANG_ANALYZER_NONNULL = YES;
				CLANG_ANALYZER_NUMBER_OBJECT_CONVERSION = YES_AGGRESSIVE;
				CLANG_CXX_LANGUAGE_STANDARD = "gnu++14";
				CLANG_CXX_LIBRARY = "libc++";
				CLANG_ENABLE_MODULES = YES;
				CLANG_ENABLE_OBJC_ARC = YES;
				CLANG_ENABLE_OBJC_WEAK = YES;
				CLANG_WARN_BLOCK_CAPTURE_AUTORELEASING = YES;
				CLANG_WARN_BOOL_CONVERSION = YES;
				CLANG_WARN_COMMA = YES;
				CLANG_WARN_CONSTANT_CONVERSION = YES;
				CLANG_WARN_DEPRECATED_OBJC_IMPLEMENTATIONS = YES;
				CLANG_WARN_DIRECT_OBJC_ISA_USAGE = YES_ERROR;
				CLANG_WARN_DOCUMENTATION_COMMENTS = YES;
				CLANG_WARN_EMPTY_BODY = YES;
				CLANG_WARN_ENUM_CONVERSION = YES;
				CLANG_WARN_INFINITE_RECURSION = YES;
				CLANG_WARN_INT_CONVERSION = YES;
				CLANG_WARN_NON_LITERAL_NULL_CONVERSION = YES;
				CLANG_WARN_OBJC_IMPLICIT_RETAIN_SELF = YES;
				CLANG_WARN_OBJC_LITERAL_CONVERSION = YES;
				CLANG_WARN_OBJC_ROOT_CLASS = YES_ERROR;
				CLANG_WARN_QUOTED_INCLUDE_IN_FRAMEWORK_HEADER = YES;
				CLANG_WARN_RANGE_LOOP_ANALYSIS = YES;
				CLANG_WARN_STRICT_PROTOTYPES = YES;
				CLANG_WARN_SUSPICIOUS_MOVE = YES;
				CLANG_WARN_UNGUARDED_AVAILABILITY = YES_AGGRESSIVE;
				CLANG_WARN_UNREACHABLE_CODE = YES;
				CLANG_WARN__DUPLICATE_METHOD_MATCH = YES;
				COPY_PHASE_STRIP = NO;
				DEBUG_INFORMATION_FORMAT = dwarf;
				ENABLE_STRICT_OBJC_MSGSEND = YES;
				ENABLE_TESTABILITY = YES;
				GCC_C_LANGUAGE_STANDARD = gnu11;
				GCC_DYNAMIC_NO_PIC = NO;
				GCC_NO_COMMON_BLOCKS = YES;
				GCC_OPTIMIZATION_LEVEL = 0;
				GCC_PREPROCESSOR_DEFINITIONS = (
					"DEBUG=1",
					"$(inherited)",
				);
				GCC_WARN_64_TO_32_BIT_CONVERSION = YES;
				GCC_WARN_ABOUT_RETURN_TYPE = YES_ERROR;
				GCC_WARN_UNDECLARED_SELECTOR = YES;
				GCC_WARN_UNINITIALIZED_AUTOS = YES_AGGRESSIVE;
				GCC_WARN_UNUSED_FUNCTION = YES;
				GCC_WARN_UNUSED_VARIABLE = YES;
				IPHONEOS_DEPLOYMENT_TARGET = 13.0;
				MTL_ENABLE_DEBUG_INFO = INCLUDE_SOURCE;
				MTL_FAST_MATH = YES;
				ONLY_ACTIVE_ARCH = YES;
				SDKROOT = iphoneos;
				SWIFT_ACTIVE_COMPILATION_CONDITIONS = DEBUG;
				SWIFT_OPTIMIZATION_LEVEL = "-Onone";
			};
			name = Debug;
		};
		F81B4B7025306F0200F9D4D3 /* Release */ = {
			isa = XCBuildConfiguration;
			buildSettings = {
				ALWAYS_SEARCH_USER_PATHS = NO;
				CLANG_ANALYZER_NONNULL = YES;
				CLANG_ANALYZER_NUMBER_OBJECT_CONVERSION = YES_AGGRESSIVE;
				CLANG_CXX_LANGUAGE_STANDARD = "gnu++14";
				CLANG_CXX_LIBRARY = "libc++";
				CLANG_ENABLE_MODULES = YES;
				CLANG_ENABLE_OBJC_ARC = YES;
				CLANG_ENABLE_OBJC_WEAK = YES;
				CLANG_WARN_BLOCK_CAPTURE_AUTORELEASING = YES;
				CLANG_WARN_BOOL_CONVERSION = YES;
				CLANG_WARN_COMMA = YES;
				CLANG_WARN_CONSTANT_CONVERSION = YES;
				CLANG_WARN_DEPRECATED_OBJC_IMPLEMENTATIONS = YES;
				CLANG_WARN_DIRECT_OBJC_ISA_USAGE = YES_ERROR;
				CLANG_WARN_DOCUMENTATION_COMMENTS = YES;
				CLANG_WARN_EMPTY_BODY = YES;
				CLANG_WARN_ENUM_CONVERSION = YES;
				CLANG_WARN_INFINITE_RECURSION = YES;
				CLANG_WARN_INT_CONVERSION = YES;
				CLANG_WARN_NON_LITERAL_NULL_CONVERSION = YES;
				CLANG_WARN_OBJC_IMPLICIT_RETAIN_SELF = YES;
				CLANG_WARN_OBJC_LITERAL_CONVERSION = YES;
				CLANG_WARN_OBJC_ROOT_CLASS = YES_ERROR;
				CLANG_WARN_QUOTED_INCLUDE_IN_FRAMEWORK_HEADER = YES;
				CLANG_WARN_RANGE_LOOP_ANALYSIS = YES;
				CLANG_WARN_STRICT_PROTOTYPES = YES;
				CLANG_WARN_SUSPICIOUS_MOVE = YES;
				CLANG_WARN_UNGUARDED_AVAILABILITY = YES_AGGRESSIVE;
				CLANG_WARN_UNREACHABLE_CODE = YES;
				CLANG_WARN__DUPLICATE_METHOD_MATCH = YES;
				COPY_PHASE_STRIP = NO;
				DEBUG_INFORMATION_FORMAT = "dwarf-with-dsym";
				ENABLE_NS_ASSERTIONS = NO;
				ENABLE_STRICT_OBJC_MSGSEND = YES;
				GCC_C_LANGUAGE_STANDARD = gnu11;
				GCC_NO_COMMON_BLOCKS = YES;
				GCC_WARN_64_TO_32_BIT_CONVERSION = YES;
				GCC_WARN_ABOUT_RETURN_TYPE = YES_ERROR;
				GCC_WARN_UNDECLARED_SELECTOR = YES;
				GCC_WARN_UNINITIALIZED_AUTOS = YES_AGGRESSIVE;
				GCC_WARN_UNUSED_FUNCTION = YES;
				GCC_WARN_UNUSED_VARIABLE = YES;
				IPHONEOS_DEPLOYMENT_TARGET = 13.0;
				MTL_ENABLE_DEBUG_INFO = NO;
				MTL_FAST_MATH = YES;
				SDKROOT = iphoneos;
				SWIFT_COMPILATION_MODE = wholemodule;
				SWIFT_OPTIMIZATION_LEVEL = "-O";
				VALIDATE_PRODUCT = YES;
			};
			name = Release;
		};
		F81B4B7225306F0200F9D4D3 /* Debug */ = {
			isa = XCBuildConfiguration;
			buildSettings = {
				ASSETCATALOG_COMPILER_APPICON_NAME = AppIcon;
				ASSETCATALOG_COMPILER_GLOBAL_ACCENT_COLOR_NAME = AccentColor;
				CODE_SIGN_STYLE = Automatic;
				DEVELOPMENT_TEAM = E85N35G3YB;
				INFOPLIST_FILE = MAGLoggerExample/Info.plist;
				LD_RUNPATH_SEARCH_PATHS = (
					"$(inherited)",
					"@executable_path/Frameworks",
				);
				PRODUCT_BUNDLE_IDENTIFIER = com.madappgang.MAGLoggerExample;
				PRODUCT_NAME = "$(TARGET_NAME)";
				SWIFT_VERSION = 5.0;
				TARGETED_DEVICE_FAMILY = "1,2";
			};
			name = Debug;
		};
		F81B4B7325306F0200F9D4D3 /* Release */ = {
			isa = XCBuildConfiguration;
			buildSettings = {
				ASSETCATALOG_COMPILER_APPICON_NAME = AppIcon;
				ASSETCATALOG_COMPILER_GLOBAL_ACCENT_COLOR_NAME = AccentColor;
				CODE_SIGN_STYLE = Automatic;
				DEVELOPMENT_TEAM = E85N35G3YB;
				INFOPLIST_FILE = MAGLoggerExample/Info.plist;
				LD_RUNPATH_SEARCH_PATHS = (
					"$(inherited)",
					"@executable_path/Frameworks",
				);
				PRODUCT_BUNDLE_IDENTIFIER = com.madappgang.MAGLoggerExample;
				PRODUCT_NAME = "$(TARGET_NAME)";
				SWIFT_VERSION = 5.0;
				TARGETED_DEVICE_FAMILY = "1,2";
			};
			name = Release;
		};
/* End XCBuildConfiguration section */

/* Begin XCConfigurationList section */
		F81B4B5825306EFF00F9D4D3 /* Build configuration list for PBXProject "MAGLoggerExample" */ = {
			isa = XCConfigurationList;
			buildConfigurations = (
				F81B4B6F25306F0200F9D4D3 /* Debug */,
				F81B4B7025306F0200F9D4D3 /* Release */,
			);
			defaultConfigurationIsVisible = 0;
			defaultConfigurationName = Release;
		};
		F81B4B7125306F0200F9D4D3 /* Build configuration list for PBXNativeTarget "MAGLoggerExample" */ = {
			isa = XCConfigurationList;
			buildConfigurations = (
				F81B4B7225306F0200F9D4D3 /* Debug */,
				F81B4B7325306F0200F9D4D3 /* Release */,
			);
			defaultConfigurationIsVisible = 0;
			defaultConfigurationName = Release;
		};
/* End XCConfigurationList section */

/* Begin XCRemoteSwiftPackageReference section */
		F81B4B7625306FC900F9D4D3 /* XCRemoteSwiftPackageReference "MAGLogger" */ = {
			isa = XCRemoteSwiftPackageReference;
			repositoryURL = "https://github.com/MadAppGang/MAGLogger.git";
			requirement = {
				kind = upToNextMajorVersion;
				minimumVersion = 1.0.2;
			};
		};
/* End XCRemoteSwiftPackageReference section */

/* Begin XCSwiftPackageProductDependency section */
		F81B4B7725306FC900F9D4D3 /* MAGLogger */ = {
			isa = XCSwiftPackageProductDependency;
			package = F81B4B7625306FC900F9D4D3 /* XCRemoteSwiftPackageReference "MAGLogger" */;
			productName = MAGLogger;
		};
/* End XCSwiftPackageProductDependency section */
	};
	rootObject = F81B4B5525306EFF00F9D4D3 /* Project object */;
}
